
Microsoft Visual Studio Solution File, Format Version 12.00
Project("{FAE04EC0-301F-11D3-BF4B-00C04F79EFBC}") = "Magazijnapp.API", "backend\Magazijnapp.Api\Magazijnapp.API.csproj", "{363F3DF3-09C6-482B-803C-B4D30108FB4E}"
EndProject
Global
	GlobalSection(SolutionConfigurationPlatforms) = preSolution
		Debug|Any CPU = Debug|Any CPU
		Release|Any CPU = Release|Any CPU
	EndGlobalSection
	GlobalSection(ProjectConfigurationPlatforms) = postSolution
		{363F3DF3-09C6-482B-803C-B4D30108FB4E}.Debug|Any CPU.ActiveCfg = Debug|Any CPU
		{363F3DF3-09C6-482B-803C-B4D30108FB4E}.Debug|Any CPU.Build.0 = Debug|Any CPU
		{363F3DF3-09C6-482B-803C-B4D30108FB4E}.Release|Any CPU.ActiveCfg = Release|Any CPU
		{363F3DF3-09C6-482B-803C-B4D30108FB4E}.Release|Any CPU.Build.0 = Release|Any CPU
	EndGlobalSection
EndGlobal
